# Generated by conda-lock.
# platform: linux-64
# input_hash: 12bbb7c44d4850a2bb8528206a0fc32110391058f590502c7171a8916d2c25fb
@EXPLICIT
https://conda.anaconda.org/conda-forge/noarch/font-ttf-dejavu-sans-mono-2.37-hab24e00_0.tar.bz2#0c96522c6bdaed4b1566d11387caaf45
https://conda.anaconda.org/conda-forge/noarch/font-ttf-inconsolata-3.000-h77eed37_0.tar.bz2#34893075a5c9e55cdafac56607368fc6
https://conda.anaconda.org/conda-forge/noarch/font-ttf-source-code-pro-2.038-h77eed37_0.tar.bz2#4d59c254e01d9cde7957100457e2d5fb
https://conda.anaconda.org/conda-forge/noarch/font-ttf-ubuntu-0.83-h77eed37_3.conda#49023d73832ef61042f6a237cb2687e7
https://conda.anaconda.org/conda-forge/linux-64/mumps-include-5.7.3-h82cca05_10.conda#d6c7d8811686ed912ed4317831dd8c44
https://conda.anaconda.org/conda-forge/linux-64/nlohmann_json-3.12.0-h54a6638_1.conda#16c2a0e9c4a166e53632cfca4f68d020
https://conda.anaconda.org/conda-forge/noarch/pybind11-abi-4-hd8ed1ab_3.tar.bz2#878f923dd6acc8aeb47a75da6c4098be
https://conda.anaconda.org/conda-forge/noarch/python_abi-3.12-8_cp312.conda#c3efd25ac4d74b1584d2f7a57195ddf1
https://conda.anaconda.org/conda-forge/noarch/tzdata-2025c-hc9c84f9_1.conda#ad659d0a2b3e47e38d829aa8cad2d610
https://conda.anaconda.org/conda-forge/linux-64/utfcpp-4.09-ha770c72_0.conda#99884244028fe76046e3914f90d4ad05
https://conda.anaconda.org/conda-forge/noarch/wayland-protocols-1.47-hd8ed1ab_0.conda#7da1571f560d4ba3343f7f4c48a79c76
https://conda.anaconda.org/conda-forge/noarch/_x86_64-microarch-level-1-3_x86_64.conda#225cb2e9b9512730a92f83696b8fbab8
https://conda.anaconda.org/conda-forge/noarch/ca-certificates-2026.1.4-hbd8a1cb_0.conda#bddacf101bb4dd0e51811cb69c7790e2
https://conda.anaconda.org/conda-forge/noarch/fonts-conda-forge-1-hc364b38_1.conda#a7970cd949a077b7cb9696379d338681
https://conda.anaconda.org/conda-forge/linux-64/libglvnd-1.7.0-ha4b6fd6_2.conda#434ca7e50e40f4918ab701e3facd59a0
https://conda.anaconda.org/conda-forge/linux-64/libgomp-15.2.0-he0feb66_17.conda#51b78c6a757575c0d12f4401ffc67029
https://conda.anaconda.org/conda-forge/linux-64/_openmp_mutex-4.5-20_gnu.conda#a9f577daf3de00bca7c3c76c0ecbd1de
https://conda.anaconda.org/conda-forge/noarch/fonts-conda-ecosystem-1-0.tar.bz2#fee5683a3f04bd15cbd8318b096a27ab
https://conda.anaconda.org/conda-forge/linux-64/libegl-1.7.0-ha4b6fd6_2.conda#c151d5eb730e9b7480e6d48c0fc44048
https://conda.anaconda.org/conda-forge/linux-64/libopengl-1.7.0-ha4b6fd6_2.conda#7df50d44d4a14d6c31a2c54f2cd92157
https://conda.anaconda.org/conda-forge/linux-64/libgcc-15.2.0-he0feb66_17.conda#3c281169ea25b987311400d7a7e28445
https://conda.anaconda.org/conda-forge/linux-64/alsa-lib-1.2.15.3-hb03c661_0.conda#dcdc58c15961dbf17a0621312b01f5cb
https://conda.anaconda.org/conda-forge/linux-64/attr-2.5.2-h39aace5_0.conda#791365c5f65975051e4e017b5da3abf5
https://conda.anaconda.org/conda-forge/linux-64/bzip2-1.0.8-hda65f42_8.conda#51a19bba1b8ebfb60df25cde030b7ebc
https://conda.anaconda.org/conda-forge/linux-64/c-ares-1.34.6-hb03c661_0.conda#920bb03579f15389b9e512095ad995b7
https://conda.anaconda.org/conda-forge/linux-64/fribidi-1.0.16-hb03c661_0.conda#f9f81ea472684d75b9dd8d0b328cf655
https://conda.anaconda.org/conda-forge/linux-64/keyutils-1.6.3-hb9d3cd8_0.conda#b38117a3c920364aff79f870c984b4a3
https://conda.anaconda.org/conda-forge/linux-64/libblasfeo-0.1.4.2-h544d10a_100.conda#4a1612c7202bf04f5ea7a18110739a14
https://conda.anaconda.org/conda-forge/linux-64/libbrotlicommon-1.2.0-hb03c661_1.conda#72c8fd1af66bd67bf580645b426513ed
https://conda.anaconda.org/conda-forge/linux-64/libdeflate-1.25-h17f619e_0.conda#6c77a605a7a689d17d4819c0f8ac9a00
https://conda.anaconda.org/conda-forge/linux-64/libexpat-2.7.3-hecca717_0.conda#8b09ae86839581147ef2e5c5e229d164
https://conda.anaconda.org/conda-forge/linux-64/libffi-3.5.2-h3435931_0.conda#a360c33a5abe61c07959e449fa1453eb
https://conda.anaconda.org/conda-forge/linux-64/libgcc-ng-15.2.0-h69a702a_17.conda#1478bfa85224a65ab096d69ffd2af1e5
https://conda.anaconda.org/conda-forge/linux-64/libgfortran5-15.2.0-h68bc16d_17.conda#202fdf8cad9eea704c2b0d823d1732bf
https://conda.anaconda.org/conda-forge/linux-64/libiconv-1.18-h3b78370_2.conda#915f5995e94f60e9a4826e0b0920ee88
https://conda.anaconda.org/conda-forge/linux-64/libjpeg-turbo-3.1.2-hb03c661_0.conda#8397539e3a0bbd1695584fb4f927485a
https://conda.anaconda.org/conda-forge/linux-64/liblzma-5.8.2-hb03c661_0.conda#c7c83eecbb72d88b940c249af56c8b17
https://conda.anaconda.org/conda-forge/linux-64/libnsl-2.0.1-hb9d3cd8_1.conda#d864d34357c3b65a4b731f78c0801dc4
https://conda.anaconda.org/conda-forge/linux-64/libogg-1.3.5-hd0c01bc_1.conda#68e52064ed3897463c0e958ab5c8f91b
https://conda.anaconda.org/conda-forge/linux-64/libopus-1.6.1-h280c20c_0.conda#2446ac1fe030c2aa6141386c1f5a6aed
https://conda.anaconda.org/conda-forge/linux-64/libpciaccess-0.18-hb9d3cd8_0.conda#70e3400cbbfa03e96dcde7fc13e38c7b
https://conda.anaconda.org/conda-forge/linux-64/libstdcxx-15.2.0-h934c35e_17.conda#24c2fe35fa45cd71214beba6f337c071
https://conda.anaconda.org/conda-forge/linux-64/libtasn1-4.21.0-hb03c661_0.conda#0ffe6217a3d09398155d32a2ddb41251
https://conda.anaconda.org/conda-forge/linux-64/libuuid-2.41.3-h5347b49_0.conda#db409b7c1720428638e7c0d509d3e1b5
https://conda.anaconda.org/conda-forge/linux-64/libuv-1.51.0-hb03c661_1.conda#0f03292cc56bf91a077a134ea8747118
https://conda.anaconda.org/conda-forge/linux-64/libwebp-base-1.6.0-hd42ef1d_0.conda#aea31d2e5b1091feca96fcfe945c3cf9
https://conda.anaconda.org/conda-forge/linux-64/libzlib-1.3.1-hb9d3cd8_2.conda#edb0dca6bc32e4f4789199455a1dbeb8
https://conda.anaconda.org/conda-forge/linux-64/lzo-2.10-h280c20c_1002.conda#45161d96307e3a447cc3eb5896cf6f8c
https://conda.anaconda.org/conda-forge/linux-64/ncurses-6.5-h2d0b736_3.conda#47e340acb35de30501a76c7c799c41d7
https://conda.anaconda.org/conda-forge/linux-64/openssl-3.6.1-h35e630c_1.conda#f61eb8cd60ff9057122a3d338b99c00f
https://conda.anaconda.org/conda-forge/linux-64/pthread-stubs-0.4-hb9d3cd8_1002.conda#b3c17d95b5a10c6e64a21fa17573e70e
https://conda.anaconda.org/conda-forge/linux-64/xorg-libice-1.1.2-hb9d3cd8_0.conda#fb901ff28063514abb6046c9ec2c4a45
https://conda.anaconda.org/conda-forge/linux-64/xorg-libxau-1.0.12-hb03c661_1.conda#b2895afaf55bf96a8c8282a2e47a5de0
https://conda.anaconda.org/conda-forge/linux-64/xorg-libxdmcp-1.1.5-hb03c661_1.conda#1dafce8548e38671bea82e3f5c6ce22f
https://conda.anaconda.org/conda-forge/linux-64/xorg-libxshmfence-1.3.3-hb9d3cd8_0.conda#9a809ce9f65460195777f2f2116bae02
https://conda.anaconda.org/conda-forge/linux-64/yaml-0.2.5-h280c20c_3.conda#a77f85f77be52ff59391544bfe73390a
https://conda.anaconda.org/conda-forge/linux-64/ampl-asl-1.0.0-h5888daf_2.conda#ef757816a8f0fee2650b6c7e19980b6b
https://conda.anaconda.org/conda-forge/linux-64/dav1d-1.2.1-hd590300_0.conda#418c6ca5929a611cbd69204907a83995
https://conda.anaconda.org/conda-forge/linux-64/double-conversion-3.3.1-h5888daf_0.conda#bfd56492d8346d669010eccafe0ba058
https://conda.anaconda.org/conda-forge/linux-64/graphite2-1.3.14-hecca717_2.conda#2cd94587f3a401ae05e03a6caf09539d
https://conda.anaconda.org/conda-forge/linux-64/imath-3.2.2-hde8ca8f_0.conda#c427448c6f3972c76e8a4474e0fe367b
https://conda.anaconda.org/conda-forge/linux-64/intel-gmmlib-22.9.0-hb700be7_0.conda#26311c5112b5c713f472bdfbb5ec5aa3
https://conda.anaconda.org/conda-forge/linux-64/jsoncpp-1.9.6-hf42df4d_1.conda#7bdc5e2cc11cb0a0f795bdad9732b0f2
https://conda.anaconda.org/conda-forge/linux-64/jxrlib-1.1-hd590300_3.conda#5aeabe88534ea4169d4c49998f293d6c
https://conda.anaconda.org/conda-forge/linux-64/lame-3.100-h166bdaf_1003.tar.bz2#a8832b479f93521a9e7b5b743803be51
https://conda.anaconda.org/conda-forge/linux-64/lerc-4.0.0-h0aef613_1.conda#9344155d33912347b37f0ae6c410a835
https://conda.anaconda.org/conda-forge/linux-64/level-zero-1.28.0-hb700be7_0.conda#a4724e93a90434575b889adb4dc57b49
https://conda.anaconda.org/conda-forge/linux-64/libabseil-20250512.1-cxx17_hba17884_0.conda#83b160d4da3e1e847bf044997621ed63
https://conda.anaconda.org/conda-forge/linux-64/libaec-1.1.5-h088129d_0.conda#86f7414544ae606282352fa1e116b41f
https://conda.anaconda.org/conda-forge/linux-64/libbrotlidec-1.2.0-hb03c661_1.conda#366b40a69f0ad6072561c1d09301c886
https://conda.anaconda.org/conda-forge/linux-64/libbrotlienc-1.2.0-hb03c661_1.conda#4ffbb341c8b616aa2494b6afb26a0c5f
https://conda.anaconda.org/conda-forge/linux-64/libcap-2.77-h3ff7636_0.conda#09c264d40c67b82b49a3f3b89037bd2e
https://conda.anaconda.org/conda-forge/linux-64/libdrm-2.4.125-hb03c661_1.conda#9314bc5a1fe7d1044dc9dfd3ef400535
https://conda.anaconda.org/conda-forge/linux-64/libedit-3.1.20250104-pl5321h7949ede_0.conda#c277e0a4d549b03ac1e9d6cbbe3d017b
https://conda.anaconda.org/conda-forge/linux-64/libev-4.33-hd590300_2.conda#172bf1cd1ff8629f2b1179945ed45055
https://conda.anaconda.org/conda-forge/linux-64/libfatrop-0.0.4-h5888daf_1.conda#49137803a38a0ae22ad0289728a15a2c
https://conda.anaconda.org/conda-forge/linux-64/libflac-1.5.0-he200343_1.conda#47595b9d53054907a00d95e4d47af1d6
https://conda.anaconda.org/conda-forge/linux-64/libgfortran-15.2.0-h69a702a_17.conda#a6c682ac611cb1fa4d73478f9e6efb06
https://conda.anaconda.org/conda-forge/linux-64/libglu-9.0.3-h5888daf_1.conda#8422fcc9e5e172c91e99aef703b3ce65
https://conda.anaconda.org/conda-forge/linux-64/liblzma-devel-5.8.2-hb03c661_0.conda#de60549ba9d8921dff3afa4b179e2a4b
https://conda.anaconda.org/conda-forge/linux-64/libpng-1.6.55-h421ea60_0.conda#5f13ffc7d30ffec87864e678df9957b4
https://conda.anaconda.org/conda-forge/linux-64/libqdldl-0.1.8-h3f2d84a_1.conda#3459f613a2c36a161d0cee2f38bfd9d6
https://conda.anaconda.org/conda-forge/linux-64/libsqlite-3.51.2-h0c1763c_0.conda#f7d30045eccb83f2bb8053041f42db3c
https://conda.anaconda.org/conda-forge/linux-64/libssh2-1.11.1-hcf80075_0.conda#eecce068c7e4eddeb169591baac20ac4
https://conda.anaconda.org/conda-forge/linux-64/libstdcxx-ng-15.2.0-hdf11a46_17.conda#ea12f5a6bf12c88c06750d9803e1a570
https://conda.anaconda.org/conda-forge/linux-64/libunistring-0.9.10-h7f98852_0.tar.bz2#7245a044b4a1980ed83196176b78b73a
https://conda.anaconda.org/conda-forge/linux-64/libunwind-1.8.3-h65a8314_0.conda#e179a69edd30d75c0144d7a380b88f28
https://conda.anaconda.org/conda-forge/linux-64/liburing-2.12-hb700be7_0.conda#f0531fc1ebc0902555670e9cb0127758
https://conda.anaconda.org/conda-forge/linux-64/libvorbis-1.3.7-h54a6638_2.conda#b4ecbefe517ed0157c37f8182768271c
https://conda.anaconda.org/conda-forge/linux-64/libxcb-1.17.0-h8a09558_0.conda#92ed62436b625154323d40d5f2f11dd7
https://conda.anaconda.org/conda-forge/linux-64/libxcrypt-4.4.36-hd590300_1.conda#5aa797f8787fe7a17d1b0821485b5adc
https://conda.anaconda.org/conda-forge/linux-64/libzip-1.11.2-h6991a6a_0.conda#a7b27c075c9b7f459f1c022090697cba
https://conda.anaconda.org/conda-forge/linux-64/lz4-c-1.10.0-h5888daf_1.conda#9de5350a85c4a20c685259b889aa6393
https://conda.anaconda.org/conda-forge/linux-64/metis-5.1.0-hd0bcaf9_1007.conda#28eb714416de4eb83e2cbc47e99a1b45
https://conda.anaconda.org/conda-forge/linux-64/mpg123-1.32.9-hc50e24c_0.conda#c7f302fd11eeb0987a6a5e1f3aed6a21
https://conda.anaconda.org/conda-forge/linux-64/opencl-headers-2025.06.13-h5888daf_0.conda#45c3d2c224002d6d0d7769142b29f986
https://conda.anaconda.org/conda-forge/linux-64/openh264-2.6.0-hc22cd8d_0.conda#b28cf020fd2dead0ca6d113608683842
https://conda.anaconda.org/conda-forge/linux-64/p11-kit-0.26.2-h3435931_0.conda#312989f1b7318c3763fffdc78df8474e
https://conda.anaconda.org/conda-forge/linux-64/pcre2-10.47-haa7fec5_0.conda#7a3bff861a6583f1889021facefc08b1
https://conda.anaconda.org/conda-forge/linux-64/pixman-0.46.4-h54a6638_1.conda#c01af13bdc553d1a8fbfff6e8db075f0
https://conda.anaconda.org/conda-forge/linux-64/pugixml-1.15-h3f63f65_0.conda#b11a4c6bf6f6f44e5e143f759ffa2087
https://conda.anaconda.org/conda-forge/linux-64/rapidjson-1.1.0.post20240409-h3f2d84a_2.conda#65e2f30d532b4ae2063a424c185cc678
https://conda.anaconda.org/conda-forge/linux-64/readline-8.3-h853b02a_0.conda#d7d95fc8287ea7bf33e0e7116d2b95ec
https://conda.anaconda.org/conda-forge/linux-64/snappy-1.2.2-h03e3b7b_1.conda#98b6c9dc80eb87b2519b97bcf7e578dd
https://conda.anaconda.org/conda-forge/linux-64/svt-av1-3.1.2-hecca717_0.conda#9859766c658e78fec9afa4a54891d920
https://conda.anaconda.org/conda-forge/linux-64/tinyxml2-11.0.0-h3f2d84a_0.conda#aeb0b91014ac8c5d468e32b7a5ce8ac2
https://conda.anaconda.org/conda-forge/linux-64/tk-8.6.13-noxft_h366c992_103.conda#cffd3bdd58090148f4cfcd831f4b26ab
https://conda.anaconda.org/conda-forge/linux-64/wayland-1.24.0-hd6090a7_1.conda#035da2e4f5770f036ff704fa17aace24
https://conda.anaconda.org/conda-forge/linux-64/x264-1!164.3095-h166bdaf_2.tar.bz2#6c99772d483f566d59e25037fea2c4b1
https://conda.anaconda.org/conda-forge/linux-64/xorg-libsm-1.2.6-he73a12e_0.conda#1c74ff8c35dcadf952a16f752ca5aa49
https://conda.anaconda.org/conda-forge/linux-64/xz-gpl-tools-5.8.2-ha02ee65_0.conda#a159fe1e8200dd67fa88ddea9169d25a
https://conda.anaconda.org/conda-forge/linux-64/xz-tools-5.8.2-hb03c661_0.conda#dfd6129671f782988d665354e7aa269d
https://conda.anaconda.org/conda-forge/linux-64/zlib-1.3.1-hb9d3cd8_2.conda#c9f075ab2f33b3bbee9e62d4ad0a6cd8
https://conda.anaconda.org/conda-forge/linux-64/zstd-1.5.7-hb78ec9c_6.conda#4a13eeac0b5c8e5b8ab496e6c4ddd829
https://conda.anaconda.org/conda-forge/linux-64/aom-3.9.1-hac33072_0.conda#346722a0be40f6edc53f12640d301338
https://conda.anaconda.org/conda-forge/linux-64/blosc-1.21.6-he440d0b_1.conda#2c2fae981fd2afd00812c92ac47d023d
https://conda.anaconda.org/conda-forge/linux-64/brotli-bin-1.2.0-hb03c661_1.conda#af39b9a8711d4a8d437b52c1d78eb6a1
https://conda.anaconda.org/conda-forge/linux-64/gl2ps-1.4.2-hae5d5c5_1.conda#00e642ec191a19bf806a3915800e9524
https://conda.anaconda.org/conda-forge/linux-64/gmp-6.3.0-hac33072_2.conda#c94a5994ef49749880a8139cf9afcbe1
https://conda.anaconda.org/conda-forge/linux-64/hdf4-4.2.15-h2a13503_7.conda#bd77f8da987968ec3927990495dc22e4
https://conda.anaconda.org/conda-forge/linux-64/icu-75.1-he02047a_0.conda#8b189310083baabfb622af68fd9d3ae3
https://conda.anaconda.org/conda-forge/linux-64/krb5-1.22.2-ha1258a1_0.conda#fb53fb07ce46a575c5d004bbc96032c2
https://conda.anaconda.org/conda-forge/linux-64/ld_impl_linux-64-2.45.1-default_hbd61a6d_101.conda#12bd9a3f089ee6c9266a37dab82afabd
https://conda.anaconda.org/conda-forge/linux-64/libfreetype6-2.14.1-h73754d4_0.conda#8e7251989bca326a28f4a5ffbd74557a
https://conda.anaconda.org/conda-forge/linux-64/libgfortran-ng-15.2.0-h69a702a_17.conda#d7954bb54fc77e7952a78e5e0d134df5
https://conda.anaconda.org/conda-forge/linux-64/libglib-2.86.3-h6548e54_1.conda#5b5846bc2b23e07a1d61b89dcb67fcf0
https://conda.anaconda.org/conda-forge/linux-64/libidn2-2.3.8-hfac485b_1.conda#842a81de672ddcf476337c8bde3cad33
https://conda.anaconda.org/conda-forge/linux-64/libnghttp2-1.67.0-had1ee68_0.conda#b499ce4b026493a13774bcf0f4c33849
https://conda.anaconda.org/conda-forge/linux-64/libopenblas-0.3.30-pthreads_h94d23a6_4.conda#be43915efc66345cccb3c310b6ed0374
https://conda.anaconda.org/conda-forge/linux-64/libosqp-1.0.0-np2py312h1a77e3e_2.conda#c4396a2e825d384f18244dd34661248f
https://conda.anaconda.org/conda-forge/linux-64/libprotobuf-6.31.1-h49aed37_4.conda#07479fc04ba3ddd5d9f760ef1635cfa7
https://conda.anaconda.org/conda-forge/linux-64/libsndfile-1.2.2-hc7d488a_2.conda#067590f061c9f6ea7e61e3b2112ed6b3
https://conda.anaconda.org/conda-forge/linux-64/libsystemd0-257.10-hd0affe5_4.conda#1d4c18d75c51ed9d00092a891a547a7d
https://conda.anaconda.org/conda-forge/linux-64/libtheora-1.1.1-h4ab18f5_1006.conda#553281a034e9cf8693c9df49f6c78ea1
https://conda.anaconda.org/conda-forge/linux-64/libtiff-4.7.1-h9d88235_1.conda#cd5a90476766d53e901500df9215e927
https://conda.anaconda.org/conda-forge/linux-64/libudev1-257.10-hd0affe5_4.conda#6c74fba677b61a0842cbf0f63eee683b
https://conda.anaconda.org/conda-forge/linux-64/libvpx-1.14.1-hac33072_0.conda#cde393f461e0c169d9ffb2fc70f81c33
https://conda.anaconda.org/conda-forge/linux-64/ocl-icd-2.3.3-hb9d3cd8_0.conda#56f8947aa9d5cf37b0b3d43b83f34192
https://conda.anaconda.org/conda-forge/linux-64/sqlite-3.51.2-hbc0de68_0.conda#a6adeaa8efb007e2e1ab3e45768ea987
https://conda.anaconda.org/conda-forge/linux-64/x265-3.5-h924138e_3.tar.bz2#e7f6ed84d4623d52ee581325c1587a6b
https://conda.anaconda.org/conda-forge/linux-64/xorg-libx11-1.8.13-he1eb515_0.conda#861fb6ccbc677bb9a9fb2468430b9c6a
https://conda.anaconda.org/conda-forge/linux-64/xz-5.8.2-ha02ee65_0.conda#d34b831f6d6a9b014eb7cf65f6329bba
https://conda.anaconda.org/conda-forge/linux-64/brotli-1.2.0-hed03a55_1.conda#8ccf913aaba749a5496c17629d859ed1
https://conda.anaconda.org/conda-forge/linux-64/dbus-1.16.2-h24cb091_1.conda#ce96f2f470d39bd96ce03945af92e280
https://conda.anaconda.org/conda-forge/linux-64/gdk-pixbuf-2.44.5-h2b0a6b4_0.conda#e3bcef76c3ecb25823c503ce11783d85
https://conda.anaconda.org/conda-forge/linux-64/lcms2-2.18-h0c24ade_0.conda#6f2e2c8f58160147c4d1c6f4c14cbac4
https://conda.anaconda.org/conda-forge/linux-64/libblas-3.11.0-5_h4a7cf45_openblas.conda#c160954f7418d7b6e87eaf05a8913fa9
https://conda.anaconda.org/conda-forge/linux-64/libboost-1.86.0-hed09d94_4.conda#b708abf3b6a0f3cf2f833d2edf18aff0
https://conda.anaconda.org/conda-forge/linux-64/libcurl-8.18.0-hcf29cc6_1.conda#1707cdd636af2ff697b53186572c9f77
https://conda.anaconda.org/conda-forge/linux-64/libfreetype-2.14.1-ha770c72_0.conda#f4084e4e6577797150f9b04a4560ceb0
https://conda.anaconda.org/conda-forge/linux-64/libglx-1.7.0-ha4b6fd6_2.conda#c8013e438185f33b13814c5c488acd5c
https://conda.anaconda.org/conda-forge/linux-64/libscotch-7.0.4-h2fe6a88_5.conda#dd1e1c54432494476d66c679014c675c
https://conda.anaconda.org/conda-forge/linux-64/libusb-1.0.29-h73b1eb8_0.conda#d17e3fb595a9f24fa9e149239a33475d
https://conda.anaconda.org/conda-forge/linux-64/libxml2-2.13.9-h04c0eec_0.conda#35eeb0a2add53b1e50218ed230fa6a02
https://conda.anaconda.org/conda-forge/linux-64/nettle-3.10.1-h4a9d5aa_0.conda#618bf3007df69a0ca9306ed8d6b48b48
https://conda.anaconda.org/conda-forge/linux-64/nodejs-25.2.1-he2c55a7_1.conda#d8005b3a90515c952b51026f6b7d005d
https://conda.anaconda.org/conda-forge/linux-64/openjpeg-2.5.4-h55fea9a_0.conda#11b3379b191f63139e29c0d19dee24cd
https://conda.anaconda.org/conda-forge/linux-64/openjph-0.26.0-h8d634f6_0.conda#65900b71509b2fd6c0a34a5dc1bd893a
https://conda.anaconda.org/conda-forge/linux-64/python-3.12.12-hd63d673_2_cpython.conda#c4540d3de3fa228d9fa95e31f8e97f89
https://conda.anaconda.org/conda-forge/linux-64/xkeyboard-config-2.46-hb03c661_0.conda#71ae752a748962161b4740eaff510258
https://conda.anaconda.org/conda-forge/linux-64/xorg-libxext-1.3.7-hb03c661_0.conda#34e54f03dfea3e7a2dcf1453a85f1085
https://conda.anaconda.org/conda-forge/linux-64/xorg-libxfixes-6.0.2-hb03c661_0.conda#ba231da7fccf9ea1e768caf5c7099b84
https://conda.anaconda.org/conda-forge/linux-64/xorg-libxrender-0.9.12-hb9d3cd8_0.conda#96d57aba173e878a2089d5638016dc5e
https://conda.anaconda.org/conda-forge/linux-64/xorg-libxt-1.3.1-hb9d3cd8_0.conda#279b0de5f6ba95457190a1c459a64e31
https://conda.anaconda.org/conda-forge/noarch/aiohappyeyeballs-2.6.1-pyhd8ed1ab_0.conda#18fd895e0e775622906cdabfc3cf0fb4
https://conda.anaconda.org/conda-forge/noarch/annotated-doc-0.0.4-pyhcf101f3_0.conda#52be5139047efadaeeb19c6a5103f92a
https://conda.anaconda.org/conda-forge/noarch/asttokens-3.0.1-pyhd8ed1ab_0.conda#9673a61a297b00016442e022d689faa6
https://conda.anaconda.org/conda-forge/noarch/attrs-25.4.0-pyhcf101f3_1.conda#537296d57ea995666c68c821b00e360b
https://conda.anaconda.org/conda-forge/noarch/certifi-2026.1.4-pyhd8ed1ab_0.conda#eacc711330cd46939f66cd401ff9c44b
https://conda.anaconda.org/conda-forge/noarch/click-8.3.1-pyh8f84b5b_1.conda#ea8a6c3256897cc31263de9f455e25d9
https://conda.anaconda.org/conda-forge/noarch/colorama-0.4.6-pyhd8ed1ab_1.conda#962b9857ee8e7018c22f2776ffa0b2d7
https://conda.anaconda.org/conda-forge/noarch/decorator-5.2.1-pyhd8ed1ab_0.conda#9ce473d1d1be1cc3810856a48b3fab32
https://conda.anaconda.org/conda-forge/noarch/executing-2.2.1-pyhd8ed1ab_0.conda#ff9efb7f7469aed3c4a8106ffa29593c
https://conda.anaconda.org/conda-forge/linux-64/freetype-2.14.1-ha770c72_0.conda#4afc585cd97ba8a23809406cd8a9eda8
https://conda.anaconda.org/conda-forge/linux-64/frozenlist-1.7.0-py312h447239a_0.conda#63e20cf7b7460019b423fc06abb96c60
https://conda.anaconda.org/conda-forge/linux-64/gnutls-3.8.11-h18acefa_1.conda#334367662a82dfe67945438e373a1d3b
https://conda.anaconda.org/conda-forge/linux-64/hdf5-1.14.3-nompi_h2d575fe_109.conda#e7a7a6e6f70553a31e6e79c65768d089
https://conda.anaconda.org/conda-forge/noarch/hpack-4.1.0-pyhd8ed1ab_0.conda#0a802cb9888dd14eeefc611f05c40b6e
https://conda.anaconda.org/conda-forge/linux-64/httptools-0.7.1-py312h4c3975b_1.conda#931af0f1dd27b0072f2865dd55640735
https://conda.anaconda.org/conda-forge/noarch/hyperframe-6.1.0-pyhd8ed1ab_0.conda#8e6923fc12f1fe8f8c4e5c9f343256ac
https://conda.anaconda.org/conda-forge/noarch/idna-3.11-pyhd8ed1ab_0.conda#53abe63df7e10a6ba605dc5f9f961d36
https://conda.anaconda.org/conda-forge/noarch/iniconfig-2.3.0-pyhd8ed1ab_0.conda#9614359868482abba1bd15ce465e3c42
https://conda.anaconda.org/conda-forge/linux-64/libarchive-3.8.1-gpl_h98cc613_100.conda#9de6247361e1ee216b09cfb8b856e2ee
https://conda.anaconda.org/conda-forge/linux-64/libcblas-3.11.0-5_h0358290_openblas.conda#6636a2b6f1a87572df2970d3ebc87cc0
https://conda.anaconda.org/conda-forge/linux-64/libgl-1.7.0-ha4b6fd6_2.conda#928b8be80851f5d8ffb016f9c81dae7a
https://conda.anaconda.org/conda-forge/linux-64/libhwloc-2.12.1-default_h3d81e11_1000.conda#d821210ab60be56dd27b5525ed18366d
https://conda.anaconda.org/conda-forge/linux-64/liblapack-3.11.0-5_h47877c9_openblas.conda#b38076eb5c8e40d0106beda6f95d7609
https://conda.anaconda.org/conda-forge/linux-64/libllvm19-19.1.7-ha7bfdaf_1.conda#6d2362046dce932eefbdeb0540de0c38
https://conda.anaconda.org/conda-forge/linux-64/libxkbcommon-1.11.0-he8b52b9_0.conda#74e91c36d0eef3557915c68b6c2bef96
https://conda.anaconda.org/conda-forge/noarch/loguru-0.7.3-pyh707e725_0.conda#49647ac1de4d1e4b49124aedf3934e02
https://conda.anaconda.org/conda-forge/linux-64/markupsafe-3.0.3-py312h8a5da7c_0.conda#f775a43412f7f3d7ed218113ad233869
https://conda.anaconda.org/conda-forge/noarch/mdurl-0.1.2-pyhd8ed1ab_1.conda#592132998493b3ff25fd7479396e8351
https://conda.anaconda.org/conda-forge/noarch/more-itertools-10.8.0-pyhcf101f3_1.conda#32f78e9d06e8593bc4bbf1338da06f5f
https://conda.anaconda.org/conda-forge/linux-64/msgpack-python-1.1.2-py312hd9148b4_1.conda#2e489969e38f0b428c39492619b5e6e5
https://conda.anaconda.org/conda-forge/linux-64/multidict-6.7.0-py312h8a5da7c_0.conda#9fe4c848dd01cde9b8d0073744d4eef8
https://conda.anaconda.org/conda-forge/noarch/multimethod-1.12-pyhd8ed1ab_1.conda#0d459f37893e888523ae3b63a5f441fe
https://conda.anaconda.org/conda-forge/noarch/munkres-1.1.4-pyhd8ed1ab_1.conda#37293a85a0f4f77bbd9cf7aaefc62609
https://conda.anaconda.org/conda-forge/linux-64/openexr-3.4.4-h40f6f1d_1.conda#c87d9f26932f2e000d3767fc8893e51a
https://conda.anaconda.org/conda-forge/noarch/packaging-26.0-pyhcf101f3_0.conda#b76541e68fea4d511b1ac46a28dcd2c6
https://conda.anaconda.org/conda-forge/noarch/parso-0.8.6-pyhcf101f3_0.conda#97c1ce2fffa1209e7afb432810ec6e12
https://conda.anaconda.org/conda-forge/noarch/path-17.1.1-pyhd8ed1ab_0.conda#a29a72a55a4b275042a79b1fcba7f6f8
https://conda.anaconda.org/conda-forge/noarch/pluggy-1.6.0-pyhf9edf01_1.conda#d7585b6550ad04c8c5e21097ada2888e
https://conda.anaconda.org/conda-forge/linux-64/proj-9.5.1-h0054346_0.conda#398cabfd9bd75e90d0901db95224f25f
https://conda.anaconda.org/conda-forge/linux-64/propcache-0.3.1-py312h178313f_0.conda#0cf580c1b73146bb9ff1bbdb4d4c8cf9
https://conda.anaconda.org/conda-forge/noarch/ptyprocess-0.7.0-pyhd8ed1ab_1.conda#7d9daffbb8d8e0af0f769dbbcd173a54
https://conda.anaconda.org/conda-forge/linux-64/pulseaudio-client-17.0-h9a6aba3_3.conda#b8ea447fdf62e3597cb8d2fae4eb1a90
https://conda.anaconda.org/conda-forge/noarch/pure_eval-0.2.3-pyhd8ed1ab_1.conda#3bfdfb8dbcdc4af1ae3f9a8eb3948f04
https://conda.anaconda.org/conda-forge/noarch/pygments-2.19.2-pyhd8ed1ab_0.conda#6b6ece66ebcae2d5f326c77ef2c5a066
https://conda.anaconda.org/conda-forge/noarch/pyparsing-3.3.2-pyhcf101f3_0.conda#3687cc0b82a8b4c17e1f0eb7e47163d5
https://conda.anaconda.org/conda-forge/noarch/python-dotenv-1.2.1-pyhcf101f3_0.conda#083725d6cd3dc007f06d04bcf1e613a2
https://conda.anaconda.org/conda-forge/noarch/python-multipart-0.0.22-pyhcf101f3_0.conda#5a2610edf297cbd1cbc0e2c17bc47efc
https://conda.anaconda.org/conda-forge/linux-64/pyyaml-6.0.3-py312h8a5da7c_1.conda#15878599a87992e44c059731771591cb
https://conda.anaconda.org/conda-forge/linux-64/ruff-0.15.1-h40fa522_0.conda#474808b6894605b04bae59ced8210123
https://conda.anaconda.org/conda-forge/noarch/setuptools-82.0.0-pyh332efcf_0.conda#1d00d46c634177fc8ede8b99d6089239
https://conda.anaconda.org/conda-forge/noarch/shellingham-1.5.4-pyhd8ed1ab_2.conda#83ea3a2ddb7a75c1b09cea582aa4f106
https://conda.anaconda.org/conda-forge/noarch/sniffio-1.3.1-pyhd8ed1ab_2.conda#03fe290994c5e4ec17293cfb6bdce520
https://conda.anaconda.org/conda-forge/noarch/tomli-2.4.0-pyhcf101f3_0.conda#72e780e9aa2d0a3295f59b1874e3768b
https://conda.anaconda.org/conda-forge/noarch/traitlets-5.14.3-pyhd8ed1ab_1.conda#019a7385be9af33791c989871317e1ed
https://conda.anaconda.org/conda-forge/noarch/trame-common-1.1.1-pyhd8ed1ab_0.conda#c1fcb02ea25f0f44094150a47f94b11e
https://conda.anaconda.org/conda-forge/noarch/typing_extensions-4.15.0-pyhcf101f3_0.conda#0caa1af407ecff61170c9437a808404d
https://conda.anaconda.org/conda-forge/noarch/typish-1.9.3-pyhd8ed1ab_1.conda#43f63f2aab27207ff9aa27a15e312f3a
https://conda.anaconda.org/conda-forge/linux-64/unicodedata2-17.0.1-py312h4c3975b_0.conda#0b6c506ec1f272b685240e70a29261b8
https://conda.anaconda.org/conda-forge/linux-64/uvloop-0.22.1-py312h4c3975b_1.conda#bdfc3f5345f9a16c63ba18e50c292e08
https://conda.anaconda.org/conda-forge/noarch/wcwidth-0.6.0-pyhd8ed1ab_0.conda#c3197f8c0d5b955c904616b716aca093
https://conda.anaconda.org/conda-forge/linux-64/websockets-16.0-py312h5253ce2_1.conda#e35ffb48178b20ee1a43fbe7abc93746
https://conda.anaconda.org/conda-forge/linux-64/xorg-libxcursor-1.2.3-hb9d3cd8_0.conda#2ccd714aa2242315acaf0a67faea780b
https://conda.anaconda.org/conda-forge/linux-64/xorg-libxdamage-1.1.6-hb9d3cd8_0.conda#b5fcc7172d22516e1f965490e65e33a4
https://conda.anaconda.org/conda-forge/linux-64/xorg-libxi-1.8.2-hb9d3cd8_0.conda#17dcc85db3c7886650b8908b183d6876
https://conda.anaconda.org/conda-forge/linux-64/xorg-libxrandr-1.5.5-hb03c661_0.conda#e192019153591938acf7322b6459d36e
https://conda.anaconda.org/conda-forge/linux-64/xorg-libxscrnsaver-1.2.4-hb9d3cd8_0.conda#303f7a0e9e0cd7d250bb6b952cecda90
https://conda.anaconda.org/conda-forge/linux-64/xorg-libxxf86vm-1.1.7-hb03c661_0.conda#665d152b9c6e78da404086088077c844
https://conda.anaconda.org/conda-forge/noarch/aiosignal-1.4.0-pyhd8ed1ab_0.conda#421a865222cd0c9d83ff08bc78bf3a61
https://conda.anaconda.org/conda-forge/noarch/dnspython-2.8.0-pyhcf101f3_0.conda#d73fdc05f10693b518f52c994d748c19
https://conda.anaconda.org/conda-forge/noarch/exceptiongroup-1.3.1-pyhd8ed1ab_0.conda#8e662bd460bda79b1ea39194e3c4c9ab
https://conda.anaconda.org/conda-forge/linux-64/fontconfig-2.15.0-h7e30c49_1.conda#8f5b0b297b59e1ac160ad4beec99dbee
https://conda.anaconda.org/conda-forge/linux-64/fonttools-4.61.1-py312h8a5da7c_0.conda#3bf8fb959dc598c67dac0430b4aff57a
https://conda.anaconda.org/conda-forge/linux-64/freeglut-3.2.2-ha6d2627_3.conda#84ec3f5b46f3076be49f2cf3f1cfbf02
https://conda.anaconda.org/conda-forge/noarch/h11-0.16.0-pyhcf101f3_1.conda#b8993c19b0c32a2f7b66cbb58ca27069
https://conda.anaconda.org/conda-forge/noarch/h2-4.3.0-pyhcf101f3_0.conda#164fc43f0b53b6e3a7bc7dce5e4f1dc9
https://conda.anaconda.org/conda-forge/noarch/ipython_pygments_lexers-1.1.1-pyhd8ed1ab_0.conda#bd80ba060603cc228d9d81c257093119
https://conda.anaconda.org/conda-forge/noarch/jedi-0.19.2-pyhd8ed1ab_1.conda#a4f4c5dc9b80bc50e0d3dc4e6e8f1bd9
https://conda.anaconda.org/conda-forge/noarch/jinja2-3.1.6-pyhcf101f3_1.conda#04558c96691bed63104678757beb4f8d
https://conda.anaconda.org/conda-forge/linux-64/libmicrohttpd-1.0.2-hc2fc477_0.conda#a02cb80c806b7b768e1d60170f63375d
https://conda.anaconda.org/conda-forge/linux-64/libnetcdf-4.9.2-nompi_h00e09a9_116.conda#417864857bdb6c2be2e923e89bffd2e8
https://conda.anaconda.org/conda-forge/linux-64/libspral-2025.05.20-hfabd9d1_1.conda#9f54808199531c466b437215d8dd5c29
https://conda.anaconda.org/conda-forge/linux-64/libva-2.23.0-he1eb515_0.conda#25813fe38b3e541fc40007592f12bae5
https://conda.anaconda.org/conda-forge/linux-64/libvulkan-loader-1.4.341.0-h5279c79_0.conda#31ad065eda3c2d88f8215b1289df9c89
https://conda.anaconda.org/conda-forge/noarch/markdown-it-py-4.0.0-pyhd8ed1ab_0.conda#5b5203189eb668f042ac2b0826244964
https://conda.anaconda.org/conda-forge/noarch/matplotlib-inline-0.2.1-pyhd8ed1ab_0.conda#00e120ce3e40bad7bfc78861ce3c4a25
https://conda.anaconda.org/conda-forge/linux-64/mumps-seq-5.7.3-h27a6a8b_0.conda#d524b41c7757ea147337039fa4158fbb
https://conda.anaconda.org/conda-forge/noarch/nodeenv-1.10.0-pyhd8ed1ab_0.conda#eb52d14a901e23c39e9e7b4a1a5c015f
https://conda.anaconda.org/conda-forge/linux-64/numpy-2.4.2-py312h33ff503_1.conda#3569a8fca2dd3202e4ab08f42499f6d3
https://conda.anaconda.org/conda-forge/noarch/pexpect-4.9.0-pyhd8ed1ab_1.conda#d0d408b1f18883a944376da5cf8101ea
https://conda.anaconda.org/conda-forge/noarch/prompt-toolkit-3.0.52-pyha770c72_0.conda#edb16f14d920fb3faf17f5ce582942d6
https://conda.anaconda.org/conda-forge/noarch/stack_data-0.6.3-pyhd8ed1ab_1.conda#b1b505328da7a6b246787df4b5a49fbc
https://conda.anaconda.org/conda-forge/linux-64/tbb-2022.3.0-h8d10470_1.conda#e3259be3341da4bc06c5b7a78c8bf1bd
https://conda.anaconda.org/conda-forge/noarch/trame-client-3.11.2-pyhd8ed1ab_0.conda#c20691c1b1c3466fc86ab7d0428062c7
https://conda.anaconda.org/conda-forge/noarch/typing-extensions-4.15.0-h396c80c_0.conda#edd329d7d3a4ab45dcf905899a7a6115
https://conda.anaconda.org/conda-forge/noarch/typing-inspection-0.4.2-pyhd8ed1ab_1.conda#a0a4a3035667fc34f29bfbd5c190baa6
https://conda.anaconda.org/conda-forge/noarch/wheel-0.46.3-pyhd8ed1ab_0.conda#bdbd7385b4a67025ac2dba4ef8cb6a8f
https://conda.anaconda.org/conda-forge/linux-64/yarl-1.22.0-py312h8a5da7c_0.conda#6a3fd177315aaafd4366930d440e4430
https://conda.anaconda.org/conda-forge/linux-64/aiohttp-3.13.3-py312h5d8c7f2_0.conda#7ee12bbdb2e989618c080c7c611048db
https://conda.anaconda.org/conda-forge/noarch/annotated-types-0.7.0-pyhd8ed1ab_1.conda#2934f256a8acfe48f6ebb4fce6cde29c
https://conda.anaconda.org/conda-forge/noarch/anyio-4.12.1-pyhcf101f3_0.conda#11a2b8c732d215d977998ccd69a9d5e8
https://conda.anaconda.org/conda-forge/linux-64/cairo-1.18.4-h3394656_0.conda#09262e66b19567aff4f592fb53b28760
https://conda.anaconda.org/conda-forge/linux-64/elfutils-0.192-hebdcf93_2.conda#a287e8b90b4b1e1bf9ee7b193f16cec0
https://conda.anaconda.org/conda-forge/noarch/email-validator-2.3.0-pyhd8ed1ab_0.conda#3bc0ac31178387e8ed34094d9481bfe8
https://conda.anaconda.org/conda-forge/linux-64/ezdxf-1.4.2-py312hf890105_1.conda#c1e3893999fea14ce9b1b9911a891554
https://conda.anaconda.org/conda-forge/linux-64/intel-media-driver-25.3.4-hecca717_0.conda#7ae2034a0e2e24eb07468f1a50cdf0bb
https://conda.anaconda.org/conda-forge/linux-64/ipopt-3.14.19-h0804adb_0.conda#0a2ef4d1be0625a06d74b08829d4ef1f
https://conda.anaconda.org/conda-forge/noarch/ipython-9.10.0-pyh53cf698_0.conda#441ca4e203a62f7db2f29f190c02b9cf
https://conda.anaconda.org/conda-forge/linux-64/jasper-4.2.8-he3c4edf_0.conda#a04073db11c2c86c555fb088acc8f8c1
https://conda.anaconda.org/conda-forge/linux-64/libopenvino-2025.2.0-hb617929_1.conda#1da20cc4ff32dc74424dec68ec087dba
https://conda.anaconda.org/conda-forge/linux-64/nlopt-2.10.0-py312h20792d0_3.conda#af432c4c43718f6c550e7ac05d053702
https://conda.anaconda.org/conda-forge/noarch/pip-26.0.1-pyh8b19718_0.conda#67bdec43082fd8a9cffb9484420b39a2
https://conda.anaconda.org/conda-forge/linux-64/pydantic-core-2.41.5-py312h868fb18_1.conda#56a776330a7d21db63a7c9d6c3711a04
https://conda.anaconda.org/conda-forge/linux-64/pyright-1.1.408-py312h5253ce2_0.conda#80a544b026a01c0b9e6b1fc2196de949
https://conda.anaconda.org/conda-forge/noarch/pytest-9.0.2-pyhcf101f3_0.conda#2b694bad8a50dc2f712f5368de866480
https://conda.anaconda.org/conda-forge/noarch/rich-14.3.2-pyhcf101f3_0.conda#33950a076fd589a7655c6888cc3d2b34
https://conda.anaconda.org/conda-forge/linux-64/sdl3-3.2.24-h68140b3_0.conda#eeb4cfa6070a7882ad50936c7ade65ec
https://conda.anaconda.org/conda-forge/noarch/trame-vtk-2.11.1-pyh932262d_0.conda#29b3bc261a24b43dcac250d5956b328d
https://conda.anaconda.org/conda-forge/noarch/uvicorn-0.40.0-pyhc90fa1f_0.conda#eb8fdfa0a193cfe804970d1a5470246d
https://conda.anaconda.org/conda-forge/linux-64/casadi-3.7.0-py312h0b2cbc4_5.conda#c3bad559671e5c75631270590eede469
https://conda.anaconda.org/conda-forge/noarch/email_validator-2.3.0-hd8ed1ab_0.conda#2452e434747a6b742adc5045f2182a8e
https://conda.anaconda.org/conda-forge/linux-64/harfbuzz-12.2.0-h15599e2_0.conda#b8690f53007e9b5ee2c2178dd4ac778c
https://conda.anaconda.org/conda-forge/noarch/httpcore-1.0.9-pyh29332c3_0.conda#4f14640d58e2cc0aa0819d9d8ba125bb
https://conda.anaconda.org/conda-forge/linux-64/libopenvino-auto-batch-plugin-2025.2.0-hed573e4_1.conda#94f9d17be1d658213b66b22f63cc6578
https://conda.anaconda.org/conda-forge/linux-64/libopenvino-auto-plugin-2025.2.0-hed573e4_1.conda#071b3a82342715a411f216d379ab6205
https://conda.anaconda.org/conda-forge/linux-64/libopenvino-hetero-plugin-2025.2.0-hd41364c_1.conda#77c0c7028a8110076d40314dc7b1fa98
https://conda.anaconda.org/conda-forge/linux-64/libopenvino-intel-cpu-plugin-2025.2.0-hb617929_1.conda#e4cc6db5bdc8b554c06bf569de57f85f
https://conda.anaconda.org/conda-forge/linux-64/libopenvino-intel-gpu-plugin-2025.2.0-hb617929_1.conda#b846fe6c158ca417e246122172d68d3a
https://conda.anaconda.org/conda-forge/linux-64/libopenvino-intel-npu-plugin-2025.2.0-hb617929_1.conda#86fd4c25f6accaf646c86adf0f1382d3
https://conda.anaconda.org/conda-forge/linux-64/libopenvino-ir-frontend-2025.2.0-hd41364c_1.conda#75e595d9f2019a60f6dcb500266da615
https://conda.anaconda.org/conda-forge/linux-64/libopenvino-onnx-frontend-2025.2.0-h1862bb8_1.conda#68f5ad9d8e3979362bb9dfc9388980aa
https://conda.anaconda.org/conda-forge/linux-64/libopenvino-paddle-frontend-2025.2.0-h1862bb8_1.conda#a032d03468dee9fb5b8eaf635b4571c2
https://conda.anaconda.org/conda-forge/linux-64/libopenvino-pytorch-frontend-2025.2.0-hecca717_1.conda#cd40cf2d10a3279654c9769f3bc8caf5
https://conda.anaconda.org/conda-forge/linux-64/libopenvino-tensorflow-frontend-2025.2.0-h0767aad_1.conda#f71c6b4e342b560cc40687063ef62c50
https://conda.anaconda.org/conda-forge/linux-64/libopenvino-tensorflow-lite-frontend-2025.2.0-hecca717_1.conda#fd9dacd7101f80ff1110ea6b76adb95d
https://conda.anaconda.org/conda-forge/linux-64/libraw-0.21.5-h074291d_0.conda#c307c91b10217c31fc9d8e18cd58dc64
https://conda.anaconda.org/conda-forge/linux-64/libvpl-2.15.0-h54a6638_1.conda#a41a299c157cc6d0eff05e5fc298cc45
https://conda.anaconda.org/conda-forge/linux-64/mesalib-24.3.4-h0b126fc_1.conda#71fa34add72fccd383a3d8a40e0b0e9e
https://conda.anaconda.org/conda-forge/noarch/pydantic-2.12.5-pyhcf101f3_1.conda#c3946ed24acdb28db1b5d63321dbca7d
https://conda.anaconda.org/conda-forge/noarch/rich-toolkit-0.19.4-pyhcf101f3_0.conda#0011605b057af14c5d86fe26ec6f7d3d
https://conda.anaconda.org/conda-forge/linux-64/sdl2-2.32.56-h54a6638_0.conda#cdd138897d94dc07d99afe7113a07bec
https://conda.anaconda.org/conda-forge/noarch/starlette-0.52.1-pyhfdc7a7d_0.conda#7ee23ae71c6c1e2f2fe9ea7cf00f1a8e
https://conda.anaconda.org/conda-forge/noarch/typer-0.23.0-pyhcf101f3_0.conda#8eaf4b6d99fbd0fb4896ad32fcc9fad0
https://conda.anaconda.org/conda-forge/linux-64/watchfiles-1.1.1-py312h0ccc70a_0.conda#d8ecac58c1cb180296a1dd7de058dbc5
https://conda.anaconda.org/conda-forge/noarch/wslink-2.5.0-pyhd8ed1ab_0.conda#8fa415e696acd9af59ce0a4425fd1b38
https://conda.anaconda.org/conda-forge/noarch/fastapi-core-0.129.0-pyhcf101f3_0.conda#8f3f6fd4ea20716c74d223c859b2ade5
https://conda.anaconda.org/conda-forge/linux-64/freeimage-3.18.0-h49ef1fa_24.conda#14ccdbaf6fcf27563ac43e522559a79b
https://conda.anaconda.org/conda-forge/noarch/httpx-0.28.1-pyhd8ed1ab_0.conda#d6989ead454181f4f9bc987d3dc4e285
https://conda.anaconda.org/conda-forge/linux-64/libass-0.17.4-h96ad9f0_0.conda#d3be7b2870bf7aff45b12ea53165babd
https://conda.anaconda.org/conda-forge/linux-64/pango-1.56.4-hadf4263_0.conda#79f71230c069a287efe3a8614069ddf1
https://conda.anaconda.org/conda-forge/noarch/pydantic-extra-types-2.11.0-pyhcf101f3_1.conda#83984e3edee8f7312c0aa860682ee145
https://conda.anaconda.org/conda-forge/noarch/pydantic-settings-2.12.0-pyh3cfb1c2_0.conda#0a3042ce18b785982c64a8567cc3e512
https://conda.anaconda.org/conda-forge/noarch/trame-server-3.10.0-pyhd8ed1ab_0.conda#0d9168e9699b59191c47dc1329aeb9fd
https://conda.anaconda.org/conda-forge/noarch/uvicorn-standard-0.40.0-h4cd5af1_0.conda#8c7fcf5c22f9342caf554be590f6fee9
https://conda.anaconda.org/conda-forge/linux-64/vtk-base-9.3.1-osmesa_py312hc9bc066_116.conda#827e43aa323ea3fd08b9565db691cfd5
https://conda.anaconda.org/conda-forge/noarch/fastapi-cli-0.0.21-pyhcf101f3_0.conda#a604f77cc79c83c567b9a26acc8917a1
https://conda.anaconda.org/conda-forge/linux-64/librsvg-2.58.4-h49af25d_2.conda#b9846db0abffb09847e2cb0fec4b4db6
https://conda.anaconda.org/conda-forge/noarch/trame-3.12.0-pyhd8ed1ab_0.conda#60866a971f6c54eebc87d80edebce8e1
https://conda.anaconda.org/conda-forge/noarch/fastapi-0.129.0-hccfc660_0.conda#4d72b56864ce334ae2cb8c0d6f73e02b
https://conda.anaconda.org/conda-forge/linux-64/ffmpeg-7.1.1-gpl_ha0aeed6_910.conda#983afde30790eeb90054f0838fabaff2
https://conda.anaconda.org/conda-forge/linux-64/vtk-io-ffmpeg-9.3.1-osmesa_py312hf4758c4_116.conda#4000423aee52524e3057d89d7ac06e0f
https://conda.anaconda.org/conda-forge/linux-64/vtk-9.3.1-osmesa_py312hf4758c4_116.conda#0e1281cd0de10c857f455d80186bb516
https://conda.anaconda.org/conda-forge/linux-64/occt-7.8.1-all_h4c4714a_203.conda#43aed13aae8e2d25f232e98cb636e139
https://conda.anaconda.org/conda-forge/linux-64/ocp-7.8.1.2-py312h2ef508c_0.conda#8d078a08ac52f9dfc6b6f0005499ea68
https://conda.anaconda.org/conda-forge/noarch/cadquery-2.6.1-pyhcf101f3_0.conda#0e1001f206d864d43c367590b124b5fc
